
Microsoft Visual Studio Solution File, Format Version 12.00
# Visual Studio Version 17
VisualStudioVersion = 17.4.33110.190
MinimumVisualStudioVersion = 10.0.40219.1
Project("{FAE04EC0-301F-11D3-BF4B-00C04F79EFBC}") = "InvoiceApp.Commons", "InvoiceApp.Commons\InvoiceApp.Commons.csproj", "{E6C13757-0E6D-48EA-82BF-43903258CF97}"
EndProject
Project("{FAE04EC0-301F-11D3-BF4B-00C04F79EFBC}") = "InvoiceApp.Extensions", "InvoiceApp.Extensions\InvoiceApp.Extensions.csproj", "{0EF4C05B-E1BF-4A72-96C1-A6B8FC64C3D1}"
EndProject
Global
	GlobalSection(SolutionConfigurationPlatforms) = preSolution
		Debug|Any CPU = Debug|Any CPU
		Release|Any CPU = Release|Any CPU
	EndGlobalSection
	GlobalSection(ProjectConfigurationPlatforms) = postSolution
		{E6C13757-0E6D-48EA-82BF-43903258CF97}.Debug|Any CPU.ActiveCfg = Debug|Any CPU
		{E6C13757-0E6D-48EA-82BF-43903258CF97}.Debug|Any CPU.Build.0 = Debug|Any CPU
		{E6C13757-0E6D-48EA-82BF-43903258CF97}.Release|Any CPU.ActiveCfg = Release|Any CPU
		{E6C13757-0E6D-48EA-82BF-43903258CF97}.Release|Any CPU.Build.0 = Release|Any CPU
		{0EF4C05B-E1BF-4A72-96C1-A6B8FC64C3D1}.Debug|Any CPU.ActiveCfg = Debug|Any CPU
		{0EF4C05B-E1BF-4A72-96C1-A6B8FC64C3D1}.Debug|Any CPU.Build.0 = Debug|Any CPU
		{0EF4C05B-E1BF-4A72-96C1-A6B8FC64C3D1}.Release|Any CPU.ActiveCfg = Release|Any CPU
		{0EF4C05B-E1BF-4A72-96C1-A6B8FC64C3D1}.Release|Any CPU.Build.0 = Release|Any CPU
	EndGlobalSection
	GlobalSection(SolutionProperties) = preSolution
		HideSolutionNode = FALSE
	EndGlobalSection
	GlobalSection(ExtensibilityGlobals) = postSolution
		SolutionGuid = {2F894D06-58E2-4CFA-AE59-FC96A21708F2}
	EndGlobalSection
EndGlobal
